
Microsoft Visual Studio Solution File, Format Version 12.00
# Visual Studio 15
VisualStudioVersion = 15.0.26124.0
MinimumVisualStudioVersion = 15.0.26124.0
Project("{FAE04EC0-301F-11D3-BF4B-00C04F79EFBC}") = "API", "API\API.csproj", "{DDC61962-1FF5-45BA-9800-BD2561FD1FAB}"
EndProject
Project("{FAE04EC0-301F-11D3-BF4B-00C04F79EFBC}") = "Application", "Application\Application.csproj", "{3F71FA38-FB4F-49C1-A0CC-367F401C012B}"
EndProject
Project("{FAE04EC0-301F-11D3-BF4B-00C04F79EFBC}") = "Domain", "Domain\Domain.csproj", "{203455C6-19BA-492A-A767-49D74ADC57A3}"
EndProject
Project("{FAE04EC0-301F-11D3-BF4B-00C04F79EFBC}") = "Persistance", "Persistance\Persistance.csproj", "{A097CA91-F492-45CD-8106-6AB485605BE8}"
EndProject
Global
	GlobalSection(SolutionConfigurationPlatforms) = preSolution
		Debug|Any CPU = Debug|Any CPU
		Debug|x64 = Debug|x64
		Debug|x86 = Debug|x86
		Release|Any CPU = Release|Any CPU
		Release|x64 = Release|x64
		Release|x86 = Release|x86
	EndGlobalSection
	GlobalSection(SolutionProperties) = preSolution
		HideSolutionNode = FALSE
	EndGlobalSection
	GlobalSection(ProjectConfigurationPlatforms) = postSolution
		{DDC61962-1FF5-45BA-9800-BD2561FD1FAB}.Debug|Any CPU.ActiveCfg = Debug|Any CPU
		{DDC61962-1FF5-45BA-9800-BD2561FD1FAB}.Debug|Any CPU.Build.0 = Debug|Any CPU
		{DDC61962-1FF5-45BA-9800-BD2561FD1FAB}.Debug|x64.ActiveCfg = Debug|Any CPU
		{DDC61962-1FF5-45BA-9800-BD2561FD1FAB}.Debug|x64.Build.0 = Debug|Any CPU
		{DDC61962-1FF5-45BA-9800-BD2561FD1FAB}.Debug|x86.ActiveCfg = Debug|Any CPU
		{DDC61962-1FF5-45BA-9800-BD2561FD1FAB}.Debug|x86.Build.0 = Debug|Any CPU
		{DDC61962-1FF5-45BA-9800-BD2561FD1FAB}.Release|Any CPU.ActiveCfg = Release|Any CPU
		{DDC61962-1FF5-45BA-9800-BD2561FD1FAB}.Release|Any CPU.Build.0 = Release|Any CPU
		{DDC61962-1FF5-45BA-9800-BD2561FD1FAB}.Release|x64.ActiveCfg = Release|Any CPU
		{DDC61962-1FF5-45BA-9800-BD2561FD1FAB}.Release|x64.Build.0 = Release|Any CPU
		{DDC61962-1FF5-45BA-9800-BD2561FD1FAB}.Release|x86.ActiveCfg = Release|Any CPU
		{DDC61962-1FF5-45BA-9800-BD2561FD1FAB}.Release|x86.Build.0 = Release|Any CPU
		{3F71FA38-FB4F-49C1-A0CC-367F401C012B}.Debug|Any CPU.ActiveCfg = Debug|Any CPU
		{3F71FA38-FB4F-49C1-A0CC-367F401C012B}.Debug|Any CPU.Build.0 = Debug|Any CPU
		{3F71FA38-FB4F-49C1-A0CC-367F401C012B}.Debug|x64.ActiveCfg = Debug|Any CPU
		{3F71FA38-FB4F-49C1-A0CC-367F401C012B}.Debug|x64.Build.0 = Debug|Any CPU
		{3F71FA38-FB4F-49C1-A0CC-367F401C012B}.Debug|x86.ActiveCfg = Debug|Any CPU
		{3F71FA38-FB4F-49C1-A0CC-367F401C012B}.Debug|x86.Build.0 = Debug|Any CPU
		{3F71FA38-FB4F-49C1-A0CC-367F401C012B}.Release|Any CPU.ActiveCfg = Release|Any CPU
		{3F71FA38-FB4F-49C1-A0CC-367F401C012B}.Release|Any CPU.Build.0 = Release|Any CPU
		{3F71FA38-FB4F-49C1-A0CC-367F401C012B}.Release|x64.ActiveCfg = Release|Any CPU
		{3F71FA38-FB4F-49C1-A0CC-367F401C012B}.Release|x64.Build.0 = Release|Any CPU
		{3F71FA38-FB4F-49C1-A0CC-367F401C012B}.Release|x86.ActiveCfg = Release|Any CPU
		{3F71FA38-FB4F-49C1-A0CC-367F401C012B}.Release|x86.Build.0 = Release|Any CPU
		{203455C6-19BA-492A-A767-49D74ADC57A3}.Debug|Any CPU.ActiveCfg = Debug|Any CPU
		{203455C6-19BA-492A-A767-49D74ADC57A3}.Debug|Any CPU.Build.0 = Debug|Any CPU
		{203455C6-19BA-492A-A767-49D74ADC57A3}.Debug|x64.ActiveCfg = Debug|Any CPU
		{203455C6-19BA-492A-A767-49D74ADC57A3}.Debug|x64.Build.0 = Debug|Any CPU
		{203455C6-19BA-492A-A767-49D74ADC57A3}.Debug|x86.ActiveCfg = Debug|Any CPU
		{203455C6-19BA-492A-A767-49D74ADC57A3}.Debug|x86.Build.0 = Debug|Any CPU
		{203455C6-19BA-492A-A767-49D74ADC57A3}.Release|Any CPU.ActiveCfg = Release|Any CPU
		{203455C6-19BA-492A-A767-49D74ADC57A3}.Release|Any CPU.Build.0 = Release|Any CPU
		{203455C6-19BA-492A-A767-49D74ADC57A3}.Release|x64.ActiveCfg = Release|Any CPU
		{203455C6-19BA-492A-A767-49D74ADC57A3}.Release|x64.Build.0 = Release|Any CPU
		{203455C6-19BA-492A-A767-49D74ADC57A3}.Release|x86.ActiveCfg = Release|Any CPU
		{203455C6-19BA-492A-A767-49D74ADC57A3}.Release|x86.Build.0 = Release|Any CPU
		{A097CA91-F492-45CD-8106-6AB485605BE8}.Debug|Any CPU.ActiveCfg = Debug|Any CPU
		{A097CA91-F492-45CD-8106-6AB485605BE8}.Debug|Any CPU.Build.0 = Debug|Any CPU
		{A097CA91-F492-45CD-8106-6AB485605BE8}.Debug|x64.ActiveCfg = Debug|Any CPU
		{A097CA91-F492-45CD-8106-6AB485605BE8}.Debug|x64.Build.0 = Debug|Any CPU
		{A097CA91-F492-45CD-8106-6AB485605BE8}.Debug|x86.ActiveCfg = Debug|Any CPU
		{A097CA91-F492-45CD-8106-6AB485605BE8}.Debug|x86.Build.0 = Debug|Any CPU
		{A097CA91-F492-45CD-8106-6AB485605BE8}.Release|Any CPU.ActiveCfg = Release|Any CPU
		{A097CA91-F492-45CD-8106-6AB485605BE8}.Release|Any CPU.Build.0 = Release|Any CPU
		{A097CA91-F492-45CD-8106-6AB485605BE8}.Release|x64.ActiveCfg = Release|Any CPU
		{A097CA91-F492-45CD-8106-6AB485605BE8}.Release|x64.Build.0 = Release|Any CPU
		{A097CA91-F492-45CD-8106-6AB485605BE8}.Release|x86.ActiveCfg = Release|Any CPU
		{A097CA91-F492-45CD-8106-6AB485605BE8}.Release|x86.Build.0 = Release|Any CPU
	EndGlobalSection
EndGlobal
